
Microsoft Visual Studio Solution File, Format Version 12.00
# Visual Studio Version 17
VisualStudioVersion = 17.1.32319.34
MinimumVisualStudioVersion = 10.0.40219.1
Project("{FAE04EC0-301F-11D3-BF4B-00C04F79EFBC}") = "HellaFishy", "HellaFishy\HellaFishy.csproj", "{7CF1B40A-4C85-4B13-82F0-27407EE44B9B}"
EndProject
Project("{2150E333-8FDC-42A3-9474-1A3956D46DE8}") = "Solution Items", "Solution Items", "{79C2D07D-CAAD-4B21-AB25-061B6031ED60}"
	ProjectSection(SolutionItems) = preProject
		.editorconfig = .editorconfig
	EndProjectSection
EndProject
Global
	GlobalSection(SolutionConfigurationPlatforms) = preSolution
		Debug|Any CPU = Debug|Any CPU
		Release|Any CPU = Release|Any CPU
	EndGlobalSection
	GlobalSection(ProjectConfigurationPlatforms) = postSolution
		{7CF1B40A-4C85-4B13-82F0-27407EE44B9B}.Debug|Any CPU.ActiveCfg = Debug|Any CPU
		{7CF1B40A-4C85-4B13-82F0-27407EE44B9B}.Debug|Any CPU.Build.0 = Debug|Any CPU
		{7CF1B40A-4C85-4B13-82F0-27407EE44B9B}.Release|Any CPU.ActiveCfg = Release|Any CPU
		{7CF1B40A-4C85-4B13-82F0-27407EE44B9B}.Release|Any CPU.Build.0 = Release|Any CPU
	EndGlobalSection
	GlobalSection(SolutionProperties) = preSolution
		HideSolutionNode = FALSE
	EndGlobalSection
	GlobalSection(ExtensibilityGlobals) = postSolution
		SolutionGuid = {7515ABED-A107-4368-8D0E-A45ED8402FCE}
	EndGlobalSection
EndGlobal
